// !$*UTF8*$!
{
	archiveVersion = 1;
	classes = {
	};
	objectVersion = 56;
	objects = {

/* Begin PBXBuildFile section */
		F103F4F628E5E297007648A7 /* DateComponentsTests.swift in Sources */ = {isa = PBXBuildFile; fileRef = F103F4F528E5E297007648A7 /* DateComponentsTests.swift */; };
		F10D43D328D63778005C3D81 /* Model.swift in Sources */ = {isa = PBXBuildFile; fileRef = F10D43D228D63778005C3D81 /* Model.swift */; };
		F11A1C8828EC39FE0022E326 /* UIImageWrapper.swift in Sources */ = {isa = PBXBuildFile; fileRef = F11A1C8728EC39FE0022E326 /* UIImageWrapper.swift */; };
		F11A1C8A28EC3A360022E326 /* FileManager+Extension.swift in Sources */ = {isa = PBXBuildFile; fileRef = F11A1C8928EC3A360022E326 /* FileManager+Extension.swift */; };
		F11A1C8D28EC3AC90022E326 /* MyImageError.swift in Sources */ = {isa = PBXBuildFile; fileRef = F11A1C8C28EC3AC90022E326 /* MyImageError.swift */; };
		F1272E0D28CF53A7009E0274 /* PlantDetails.swift in Sources */ = {isa = PBXBuildFile; fileRef = F1272E0C28CF53A7009E0274 /* PlantDetails.swift */; };
		F131714328E4946A005E759D /* AppSettingsViewModelTests.swift in Sources */ = {isa = PBXBuildFile; fileRef = F131714228E4946A005E759D /* AppSettingsViewModelTests.swift */; };
		F1434C0528DDD853001163DB /* AddPlantPictureView.swift in Sources */ = {isa = PBXBuildFile; fileRef = F1434C0428DDD853001163DB /* AddPlantPictureView.swift */; };
		F1434C0728DDD91F001163DB /* AddPlantNameView.swift in Sources */ = {isa = PBXBuildFile; fileRef = F1434C0628DDD91F001163DB /* AddPlantNameView.swift */; };
		F1434C0928DDDA22001163DB /* AddPlantSummaryView.swift in Sources */ = {isa = PBXBuildFile; fileRef = F1434C0828DDDA22001163DB /* AddPlantSummaryView.swift */; };
		F1434C0C28DDEA2B001163DB /* WaterIntervalPickerView.swift in Sources */ = {isa = PBXBuildFile; fileRef = F1434C0B28DDEA2B001163DB /* WaterIntervalPickerView.swift */; };
		F1434C0E28DE0195001163DB /* AddPlantWaterIntervalView.swift in Sources */ = {isa = PBXBuildFile; fileRef = F1434C0D28DE0195001163DB /* AddPlantWaterIntervalView.swift */; };
		F1748A8F28E469B5005C6A8B /* NotificationSettings.swift in Sources */ = {isa = PBXBuildFile; fileRef = F1748A8E28E469B5005C6A8B /* NotificationSettings.swift */; };
		F1748A9128E47425005C6A8B /* AppSettingsView.swift in Sources */ = {isa = PBXBuildFile; fileRef = F1748A9028E47425005C6A8B /* AppSettingsView.swift */; };
		F1748A9328E4824F005C6A8B /* NotificationSettingsTests.swift in Sources */ = {isa = PBXBuildFile; fileRef = F1748A9228E4824F005C6A8B /* NotificationSettingsTests.swift */; };
		F1748A9528E48635005C6A8B /* AppSettingsViewModel.swift in Sources */ = {isa = PBXBuildFile; fileRef = F1748A9428E48635005C6A8B /* AppSettingsViewModel.swift */; };
		F181844328D32DB80077596E /* WaterIntervalTests.swift in Sources */ = {isa = PBXBuildFile; fileRef = F181844228D32DB80077596E /* WaterIntervalTests.swift */; };
		F183BAF828EB135100CA272A /* WaterIntervalPickerViewModel.swift in Sources */ = {isa = PBXBuildFile; fileRef = F183BAF728EB135100CA272A /* WaterIntervalPickerViewModel.swift */; };
		F19A86A428D33F1A00C9EA4A /* DateInterval.swift in Sources */ = {isa = PBXBuildFile; fileRef = F19A86A328D33F1A00C9EA4A /* DateInterval.swift */; };
		F19A86A628D33F2F00C9EA4A /* DateIntervalTests.swift in Sources */ = {isa = PBXBuildFile; fileRef = F19A86A528D33F2F00C9EA4A /* DateIntervalTests.swift */; };
		F1A81E4228E1EFAA000DCDC7 /* WaterIntervalLabel.swift in Sources */ = {isa = PBXBuildFile; fileRef = F1A81E4128E1EFAA000DCDC7 /* WaterIntervalLabel.swift */; };
		F1BE15E828DC631300D94727 /* ButtonLabel.swift in Sources */ = {isa = PBXBuildFile; fileRef = F1BE15E728DC631300D94727 /* ButtonLabel.swift */; };
		F1BFABE328DB5A8D00440419 /* ImagePicker.swift in Sources */ = {isa = PBXBuildFile; fileRef = F1BFABE228DB5A8D00440419 /* ImagePicker.swift */; };
		F1BFABEB28DB61CD00440419 /* ImageSourcePicker.swift in Sources */ = {isa = PBXBuildFile; fileRef = F1BFABEA28DB61CD00440419 /* ImageSourcePicker.swift */; };
		F1BFABED28DB6AD200440419 /* Page.swift in Sources */ = {isa = PBXBuildFile; fileRef = F1BFABEC28DB6AD200440419 /* Page.swift */; };
		F1C9451C28D212B30005345B /* PlantTests.swift in Sources */ = {isa = PBXBuildFile; fileRef = F1C9451B28D212B30005345B /* PlantTests.swift */; };
		F1C9451F28D21FE40005345B /* Datez in Frameworks */ = {isa = PBXBuildFile; productRef = F1C9451E28D21FE40005345B /* Datez */; };
		F1D7E46728CB3DB9001159FA /* PopleyApp.swift in Sources */ = {isa = PBXBuildFile; fileRef = F1D7E46628CB3DB9001159FA /* PopleyApp.swift */; };
		F1D7E46928CB3DB9001159FA /* ContentView.swift in Sources */ = {isa = PBXBuildFile; fileRef = F1D7E46828CB3DB9001159FA /* ContentView.swift */; };
		F1D7E46B28CB3DBA001159FA /* Assets.xcassets in Resources */ = {isa = PBXBuildFile; fileRef = F1D7E46A28CB3DBA001159FA /* Assets.xcassets */; };
		F1D7E46E28CB3DBA001159FA /* Preview Assets.xcassets in Resources */ = {isa = PBXBuildFile; fileRef = F1D7E46D28CB3DBA001159FA /* Preview Assets.xcassets */; };
		F1D7E47828CB3DBA001159FA /* PopleyTests.swift in Sources */ = {isa = PBXBuildFile; fileRef = F1D7E47728CB3DBA001159FA /* PopleyTests.swift */; };
		F1D7E48228CB3DBA001159FA /* PopleyUITests.swift in Sources */ = {isa = PBXBuildFile; fileRef = F1D7E48128CB3DBA001159FA /* PopleyUITests.swift */; };
		F1D7E48428CB3DBA001159FA /* PopleyUITestsLaunchTests.swift in Sources */ = {isa = PBXBuildFile; fileRef = F1D7E48328CB3DBA001159FA /* PopleyUITestsLaunchTests.swift */; };
		F1D7E49228CB4914001159FA /* CornerRadius.swift in Sources */ = {isa = PBXBuildFile; fileRef = F1D7E49128CB4914001159FA /* CornerRadius.swift */; };
		F1D7E49528CB498D001159FA /* RoundedCorner.swift in Sources */ = {isa = PBXBuildFile; fileRef = F1D7E49428CB498D001159FA /* RoundedCorner.swift */; };
		F1D7E49828CB4EB2001159FA /* StyleGuide.swift in Sources */ = {isa = PBXBuildFile; fileRef = F1D7E49728CB4EB2001159FA /* StyleGuide.swift */; };
		F1D7E49B28CB64B9001159FA /* Algorithms in Frameworks */ = {isa = PBXBuildFile; productRef = F1D7E49A28CB64B9001159FA /* Algorithms */; };
		F1D7E49E28CB7E64001159FA /* PlantRow.swift in Sources */ = {isa = PBXBuildFile; fileRef = F1D7E49D28CB7E64001159FA /* PlantRow.swift */; };
		F1D7E4A028CB8090001159FA /* Plant.swift in Sources */ = {isa = PBXBuildFile; fileRef = F1D7E49F28CB8090001159FA /* Plant.swift */; };
		F1D7E4A328CB8130001159FA /* DescriptiveDateInterval.swift in Sources */ = {isa = PBXBuildFile; fileRef = F1D7E4A228CB8130001159FA /* DescriptiveDateInterval.swift */; };
		F1D7E4A528CB82A6001159FA /* Interval.swift in Sources */ = {isa = PBXBuildFile; fileRef = F1D7E4A428CB82A6001159FA /* Interval.swift */; };
		F1D7E4A828CB8D47001159FA /* TypeDescriptionTests.swift in Sources */ = {isa = PBXBuildFile; fileRef = F1D7E4A728CB8D47001159FA /* TypeDescriptionTests.swift */; };
		F1E21B5528E59E1C0091D484 /* DateComponents+Extension.swift in Sources */ = {isa = PBXBuildFile; fileRef = F1E21B5428E59E1C0091D484 /* DateComponents+Extension.swift */; };
		F1E21B5728E59FB20091D484 /* Date.swift in Sources */ = {isa = PBXBuildFile; fileRef = F1E21B5628E59FB20091D484 /* Date.swift */; };
		F1E21B5A28E5B2C20091D484 /* KeyValueStorable.swift in Sources */ = {isa = PBXBuildFile; fileRef = F1E21B5928E5B2C20091D484 /* KeyValueStorable.swift */; };
		F1E21B5D28E5B3540091D484 /* UserDefaults+Extension.swift in Sources */ = {isa = PBXBuildFile; fileRef = F1E21B5C28E5B3540091D484 /* UserDefaults+Extension.swift */; };
		F1E21B6028E5B38A0091D484 /* MockStorage.swift in Sources */ = {isa = PBXBuildFile; fileRef = F1E21B5F28E5B38A0091D484 /* MockStorage.swift */; };
		F1ED5BA928E6F43000C7EA13 /* NotificationTests.swift in Sources */ = {isa = PBXBuildFile; fileRef = F1ED5BA828E6F43000C7EA13 /* NotificationTests.swift */; };
		F1ED5BAB28E6F72D00C7EA13 /* MockStorageTests.swift in Sources */ = {isa = PBXBuildFile; fileRef = F1ED5BAA28E6F72D00C7EA13 /* MockStorageTests.swift */; };
		F1ED5BAE28E6FF2F00C7EA13 /* NotificationManaging.swift in Sources */ = {isa = PBXBuildFile; fileRef = F1ED5BAD28E6FF2F00C7EA13 /* NotificationManaging.swift */; };
		F1ED5BB028E6FFA400C7EA13 /* UNUserNotificationCenter+Extension.swift in Sources */ = {isa = PBXBuildFile; fileRef = F1ED5BAF28E6FFA400C7EA13 /* UNUserNotificationCenter+Extension.swift */; };
		F1ED5BB228E700C900C7EA13 /* MockNotificationCenter.swift in Sources */ = {isa = PBXBuildFile; fileRef = F1ED5BB128E700C900C7EA13 /* MockNotificationCenter.swift */; };
		F1ED5BB428E7471000C7EA13 /* ConditionalModifier.swift in Sources */ = {isa = PBXBuildFile; fileRef = F1ED5BB328E7471000C7EA13 /* ConditionalModifier.swift */; };
/* End PBXBuildFile section */

/* Begin PBXContainerItemProxy section */
		F1D7E47428CB3DBA001159FA /* PBXContainerItemProxy */ = {
			isa = PBXContainerItemProxy;
			containerPortal = F1D7E45B28CB3DB9001159FA /* Project object */;
			proxyType = 1;
			remoteGlobalIDString = F1D7E46228CB3DB9001159FA;
			remoteInfo = Popley;
		};
		F1D7E47E28CB3DBA001159FA /* PBXContainerItemProxy */ = {
			isa = PBXContainerItemProxy;
			containerPortal = F1D7E45B28CB3DB9001159FA /* Project object */;
			proxyType = 1;
			remoteGlobalIDString = F1D7E46228CB3DB9001159FA;
			remoteInfo = Popley;
		};
/* End PBXContainerItemProxy section */

/* Begin PBXFileReference section */
		F103F4F528E5E297007648A7 /* DateComponentsTests.swift */ = {isa = PBXFileReference; lastKnownFileType = sourcecode.swift; path = DateComponentsTests.swift; sourceTree = "<group>"; };
		F10D43D228D63778005C3D81 /* Model.swift */ = {isa = PBXFileReference; lastKnownFileType = sourcecode.swift; path = Model.swift; sourceTree = "<group>"; };
		F11A1C8728EC39FE0022E326 /* UIImageWrapper.swift */ = {isa = PBXFileReference; lastKnownFileType = sourcecode.swift; path = UIImageWrapper.swift; sourceTree = "<group>"; };
		F11A1C8928EC3A360022E326 /* FileManager+Extension.swift */ = {isa = PBXFileReference; lastKnownFileType = sourcecode.swift; path = "FileManager+Extension.swift"; sourceTree = "<group>"; };
		F11A1C8C28EC3AC90022E326 /* MyImageError.swift */ = {isa = PBXFileReference; lastKnownFileType = sourcecode.swift; path = MyImageError.swift; sourceTree = "<group>"; };
		F1272E0C28CF53A7009E0274 /* PlantDetails.swift */ = {isa = PBXFileReference; lastKnownFileType = sourcecode.swift; path = PlantDetails.swift; sourceTree = "<group>"; };
		F131714228E4946A005E759D /* AppSettingsViewModelTests.swift */ = {isa = PBXFileReference; lastKnownFileType = sourcecode.swift; path = AppSettingsViewModelTests.swift; sourceTree = "<group>"; };
		F1434C0428DDD853001163DB /* AddPlantPictureView.swift */ = {isa = PBXFileReference; lastKnownFileType = sourcecode.swift; path = AddPlantPictureView.swift; sourceTree = "<group>"; };
		F1434C0628DDD91F001163DB /* AddPlantNameView.swift */ = {isa = PBXFileReference; lastKnownFileType = sourcecode.swift; path = AddPlantNameView.swift; sourceTree = "<group>"; };
		F1434C0828DDDA22001163DB /* AddPlantSummaryView.swift */ = {isa = PBXFileReference; lastKnownFileType = sourcecode.swift; path = AddPlantSummaryView.swift; sourceTree = "<group>"; };
		F1434C0B28DDEA2B001163DB /* WaterIntervalPickerView.swift */ = {isa = PBXFileReference; lastKnownFileType = sourcecode.swift; path = WaterIntervalPickerView.swift; sourceTree = "<group>"; };
		F1434C0D28DE0195001163DB /* AddPlantWaterIntervalView.swift */ = {isa = PBXFileReference; lastKnownFileType = sourcecode.swift; path = AddPlantWaterIntervalView.swift; sourceTree = "<group>"; };
		F1748A8E28E469B5005C6A8B /* NotificationSettings.swift */ = {isa = PBXFileReference; lastKnownFileType = sourcecode.swift; path = NotificationSettings.swift; sourceTree = "<group>"; };
		F1748A9028E47425005C6A8B /* AppSettingsView.swift */ = {isa = PBXFileReference; lastKnownFileType = sourcecode.swift; path = AppSettingsView.swift; sourceTree = "<group>"; };
		F1748A9228E4824F005C6A8B /* NotificationSettingsTests.swift */ = {isa = PBXFileReference; lastKnownFileType = sourcecode.swift; path = NotificationSettingsTests.swift; sourceTree = "<group>"; };
		F1748A9428E48635005C6A8B /* AppSettingsViewModel.swift */ = {isa = PBXFileReference; lastKnownFileType = sourcecode.swift; path = AppSettingsViewModel.swift; sourceTree = "<group>"; };
		F181844228D32DB80077596E /* WaterIntervalTests.swift */ = {isa = PBXFileReference; lastKnownFileType = sourcecode.swift; path = WaterIntervalTests.swift; sourceTree = "<group>"; };
		F183BAF728EB135100CA272A /* WaterIntervalPickerViewModel.swift */ = {isa = PBXFileReference; lastKnownFileType = sourcecode.swift; path = WaterIntervalPickerViewModel.swift; sourceTree = "<group>"; };
		F19A86A328D33F1A00C9EA4A /* DateInterval.swift */ = {isa = PBXFileReference; lastKnownFileType = sourcecode.swift; path = DateInterval.swift; sourceTree = "<group>"; };
		F19A86A528D33F2F00C9EA4A /* DateIntervalTests.swift */ = {isa = PBXFileReference; lastKnownFileType = sourcecode.swift; path = DateIntervalTests.swift; sourceTree = "<group>"; };
		F1A81E4128E1EFAA000DCDC7 /* WaterIntervalLabel.swift */ = {isa = PBXFileReference; lastKnownFileType = sourcecode.swift; path = WaterIntervalLabel.swift; sourceTree = "<group>"; };
		F1BE15E728DC631300D94727 /* ButtonLabel.swift */ = {isa = PBXFileReference; lastKnownFileType = sourcecode.swift; path = ButtonLabel.swift; sourceTree = "<group>"; };
		F1BFABE228DB5A8D00440419 /* ImagePicker.swift */ = {isa = PBXFileReference; lastKnownFileType = sourcecode.swift; path = ImagePicker.swift; sourceTree = "<group>"; };
		F1BFABEA28DB61CD00440419 /* ImageSourcePicker.swift */ = {isa = PBXFileReference; lastKnownFileType = sourcecode.swift; path = ImageSourcePicker.swift; sourceTree = "<group>"; };
		F1BFABEC28DB6AD200440419 /* Page.swift */ = {isa = PBXFileReference; lastKnownFileType = sourcecode.swift; path = Page.swift; sourceTree = "<group>"; };
		F1C9451B28D212B30005345B /* PlantTests.swift */ = {isa = PBXFileReference; lastKnownFileType = sourcecode.swift; path = PlantTests.swift; sourceTree = "<group>"; };
		F1D7E46328CB3DB9001159FA /* Popley.app */ = {isa = PBXFileReference; explicitFileType = wrapper.application; includeInIndex = 0; path = Popley.app; sourceTree = BUILT_PRODUCTS_DIR; };
		F1D7E46628CB3DB9001159FA /* PopleyApp.swift */ = {isa = PBXFileReference; lastKnownFileType = sourcecode.swift; path = PopleyApp.swift; sourceTree = "<group>"; };
		F1D7E46828CB3DB9001159FA /* ContentView.swift */ = {isa = PBXFileReference; lastKnownFileType = sourcecode.swift; path = ContentView.swift; sourceTree = "<group>"; };
		F1D7E46A28CB3DBA001159FA /* Assets.xcassets */ = {isa = PBXFileReference; lastKnownFileType = folder.assetcatalog; path = Assets.xcassets; sourceTree = "<group>"; };
		F1D7E46D28CB3DBA001159FA /* Preview Assets.xcassets */ = {isa = PBXFileReference; lastKnownFileType = folder.assetcatalog; path = "Preview Assets.xcassets"; sourceTree = "<group>"; };
		F1D7E47328CB3DBA001159FA /* PopleyTests.xctest */ = {isa = PBXFileReference; explicitFileType = wrapper.cfbundle; includeInIndex = 0; path = PopleyTests.xctest; sourceTree = BUILT_PRODUCTS_DIR; };
		F1D7E47728CB3DBA001159FA /* PopleyTests.swift */ = {isa = PBXFileReference; lastKnownFileType = sourcecode.swift; path = PopleyTests.swift; sourceTree = "<group>"; };
		F1D7E47D28CB3DBA001159FA /* PopleyUITests.xctest */ = {isa = PBXFileReference; explicitFileType = wrapper.cfbundle; includeInIndex = 0; path = PopleyUITests.xctest; sourceTree = BUILT_PRODUCTS_DIR; };
		F1D7E48128CB3DBA001159FA /* PopleyUITests.swift */ = {isa = PBXFileReference; lastKnownFileType = sourcecode.swift; path = PopleyUITests.swift; sourceTree = "<group>"; };
		F1D7E48328CB3DBA001159FA /* PopleyUITestsLaunchTests.swift */ = {isa = PBXFileReference; lastKnownFileType = sourcecode.swift; path = PopleyUITestsLaunchTests.swift; sourceTree = "<group>"; };
		F1D7E49128CB4914001159FA /* CornerRadius.swift */ = {isa = PBXFileReference; lastKnownFileType = sourcecode.swift; path = CornerRadius.swift; sourceTree = "<group>"; };
		F1D7E49428CB498D001159FA /* RoundedCorner.swift */ = {isa = PBXFileReference; lastKnownFileType = sourcecode.swift; path = RoundedCorner.swift; sourceTree = "<group>"; };
		F1D7E49728CB4EB2001159FA /* StyleGuide.swift */ = {isa = PBXFileReference; lastKnownFileType = sourcecode.swift; path = StyleGuide.swift; sourceTree = "<group>"; };
		F1D7E49D28CB7E64001159FA /* PlantRow.swift */ = {isa = PBXFileReference; lastKnownFileType = sourcecode.swift; path = PlantRow.swift; sourceTree = "<group>"; };
		F1D7E49F28CB8090001159FA /* Plant.swift */ = {isa = PBXFileReference; lastKnownFileType = sourcecode.swift; path = Plant.swift; sourceTree = "<group>"; };
		F1D7E4A228CB8130001159FA /* DescriptiveDateInterval.swift */ = {isa = PBXFileReference; lastKnownFileType = sourcecode.swift; path = DescriptiveDateInterval.swift; sourceTree = "<group>"; };
		F1D7E4A428CB82A6001159FA /* Interval.swift */ = {isa = PBXFileReference; lastKnownFileType = sourcecode.swift; path = Interval.swift; sourceTree = "<group>"; };
		F1D7E4A728CB8D47001159FA /* TypeDescriptionTests.swift */ = {isa = PBXFileReference; lastKnownFileType = sourcecode.swift; path = TypeDescriptionTests.swift; sourceTree = "<group>"; };
		F1E21B5428E59E1C0091D484 /* DateComponents+Extension.swift */ = {isa = PBXFileReference; lastKnownFileType = sourcecode.swift; path = "DateComponents+Extension.swift"; sourceTree = "<group>"; };
		F1E21B5628E59FB20091D484 /* Date.swift */ = {isa = PBXFileReference; lastKnownFileType = sourcecode.swift; path = Date.swift; sourceTree = "<group>"; };
		F1E21B5928E5B2C20091D484 /* KeyValueStorable.swift */ = {isa = PBXFileReference; lastKnownFileType = sourcecode.swift; path = KeyValueStorable.swift; sourceTree = "<group>"; };
		F1E21B5C28E5B3540091D484 /* UserDefaults+Extension.swift */ = {isa = PBXFileReference; lastKnownFileType = sourcecode.swift; path = "UserDefaults+Extension.swift"; sourceTree = "<group>"; };
		F1E21B5F28E5B38A0091D484 /* MockStorage.swift */ = {isa = PBXFileReference; lastKnownFileType = sourcecode.swift; path = MockStorage.swift; sourceTree = "<group>"; };
		F1ED5BA828E6F43000C7EA13 /* NotificationTests.swift */ = {isa = PBXFileReference; lastKnownFileType = sourcecode.swift; path = NotificationTests.swift; sourceTree = "<group>"; };
		F1ED5BAA28E6F72D00C7EA13 /* MockStorageTests.swift */ = {isa = PBXFileReference; lastKnownFileType = sourcecode.swift; path = MockStorageTests.swift; sourceTree = "<group>"; };
		F1ED5BAD28E6FF2F00C7EA13 /* NotificationManaging.swift */ = {isa = PBXFileReference; lastKnownFileType = sourcecode.swift; path = NotificationManaging.swift; sourceTree = "<group>"; };
		F1ED5BAF28E6FFA400C7EA13 /* UNUserNotificationCenter+Extension.swift */ = {isa = PBXFileReference; lastKnownFileType = sourcecode.swift; path = "UNUserNotificationCenter+Extension.swift"; sourceTree = "<group>"; };
		F1ED5BB128E700C900C7EA13 /* MockNotificationCenter.swift */ = {isa = PBXFileReference; lastKnownFileType = sourcecode.swift; path = MockNotificationCenter.swift; sourceTree = "<group>"; };
		F1ED5BB328E7471000C7EA13 /* ConditionalModifier.swift */ = {isa = PBXFileReference; lastKnownFileType = sourcecode.swift; path = ConditionalModifier.swift; sourceTree = "<group>"; };
/* End PBXFileReference section */

/* Begin PBXFrameworksBuildPhase section */
		F1D7E46028CB3DB9001159FA /* Frameworks */ = {
			isa = PBXFrameworksBuildPhase;
			buildActionMask = 2147483647;
			files = (
				F1D7E49B28CB64B9001159FA /* Algorithms in Frameworks */,
				F1C9451F28D21FE40005345B /* Datez in Frameworks */,
			);
			runOnlyForDeploymentPostprocessing = 0;
		};
		F1D7E47028CB3DBA001159FA /* Frameworks */ = {
			isa = PBXFrameworksBuildPhase;
			buildActionMask = 2147483647;
			files = (
			);
			runOnlyForDeploymentPostprocessing = 0;
		};
		F1D7E47A28CB3DBA001159FA /* Frameworks */ = {
			isa = PBXFrameworksBuildPhase;
			buildActionMask = 2147483647;
			files = (
			);
			runOnlyForDeploymentPostprocessing = 0;
		};
/* End PBXFrameworksBuildPhase section */

/* Begin PBXGroup section */
		F10D43D128D6371E005C3D81 /* View */ = {
			isa = PBXGroup;
			children = (
				F1A81E4028E1EF9F000DCDC7 /* Shared */,
				F1434C0A28DDDE3F001163DB /* AddPlant */,
				F1D7E49D28CB7E64001159FA /* PlantRow.swift */,
				F1D7E46828CB3DB9001159FA /* ContentView.swift */,
				F1272E0C28CF53A7009E0274 /* PlantDetails.swift */,
				F1748A9028E47425005C6A8B /* AppSettingsView.swift */,
			);
			path = View;
			sourceTree = "<group>";
		};
		F11A1C8B28EC3AC20022E326 /* Error */ = {
			isa = PBXGroup;
			children = (
				F11A1C8C28EC3AC90022E326 /* MyImageError.swift */,
			);
			path = Error;
			sourceTree = "<group>";
		};
		F1434C0A28DDDE3F001163DB /* AddPlant */ = {
			isa = PBXGroup;
			children = (
				F1434C0428DDD853001163DB /* AddPlantPictureView.swift */,
				F1434C0628DDD91F001163DB /* AddPlantNameView.swift */,
				F1434C0828DDDA22001163DB /* AddPlantSummaryView.swift */,
				F1434C0B28DDEA2B001163DB /* WaterIntervalPickerView.swift */,
				F1434C0D28DE0195001163DB /* AddPlantWaterIntervalView.swift */,
			);
			path = AddPlant;
			sourceTree = "<group>";
		};
		F1A81E4028E1EF9F000DCDC7 /* Shared */ = {
			isa = PBXGroup;
			children = (
				F1BE15E728DC631300D94727 /* ButtonLabel.swift */,
				F1A81E4128E1EFAA000DCDC7 /* WaterIntervalLabel.swift */,
				F1ED5BB328E7471000C7EA13 /* ConditionalModifier.swift */,
			);
			path = Shared;
			sourceTree = "<group>";
		};
		F1BE15E928DC640400D94727 /* ViewModel */ = {
			isa = PBXGroup;
			children = (
				F10D43D228D63778005C3D81 /* Model.swift */,
				F1748A9428E48635005C6A8B /* AppSettingsViewModel.swift */,
				F183BAF728EB135100CA272A /* WaterIntervalPickerViewModel.swift */,
			);
			path = ViewModel;
			sourceTree = "<group>";
		};
		F1BFABE128DB5A7900440419 /* UIViewRepresentable */ = {
			isa = PBXGroup;
			children = (
				F1BFABE228DB5A8D00440419 /* ImagePicker.swift */,
			);
			path = UIViewRepresentable;
			sourceTree = "<group>";
		};
		F1D7E45A28CB3DB9001159FA = {
			isa = PBXGroup;
			children = (
				F1D7E46528CB3DB9001159FA /* Popley */,
				F1D7E47628CB3DBA001159FA /* PopleyTests */,
				F1D7E48028CB3DBA001159FA /* PopleyUITests */,
				F1D7E46428CB3DB9001159FA /* Products */,
			);
			sourceTree = "<group>";
		};
		F1D7E46428CB3DB9001159FA /* Products */ = {
			isa = PBXGroup;
			children = (
				F1D7E46328CB3DB9001159FA /* Popley.app */,
				F1D7E47328CB3DBA001159FA /* PopleyTests.xctest */,
				F1D7E47D28CB3DBA001159FA /* PopleyUITests.xctest */,
			);
			name = Products;
			sourceTree = "<group>";
		};
		F1D7E46528CB3DB9001159FA /* Popley */ = {
			isa = PBXGroup;
			children = (
				F11A1C8B28EC3AC20022E326 /* Error */,
				F1E21B5828E5B2970091D484 /* Protocol */,
				F1BE15E928DC640400D94727 /* ViewModel */,
				F1BFABE128DB5A7900440419 /* UIViewRepresentable */,
				F10D43D128D6371E005C3D81 /* View */,
				F1D7E4A128CB811E001159FA /* Model */,
				F1D7E49628CB4EA4001159FA /* StyleGuide */,
				F1D7E49028CB4903001159FA /* Extensions */,
				F1D7E46628CB3DB9001159FA /* PopleyApp.swift */,
				F1D7E46A28CB3DBA001159FA /* Assets.xcassets */,
				F1D7E46C28CB3DBA001159FA /* Preview Content */,
			);
			path = Popley;
			sourceTree = "<group>";
		};
		F1D7E46C28CB3DBA001159FA /* Preview Content */ = {
			isa = PBXGroup;
			children = (
				F1D7E46D28CB3DBA001159FA /* Preview Assets.xcassets */,
			);
			path = "Preview Content";
			sourceTree = "<group>";
		};
		F1D7E47628CB3DBA001159FA /* PopleyTests */ = {
			isa = PBXGroup;
			children = (
				F1D7E47728CB3DBA001159FA /* PopleyTests.swift */,
				F1D7E4A728CB8D47001159FA /* TypeDescriptionTests.swift */,
				F1C9451B28D212B30005345B /* PlantTests.swift */,
				F181844228D32DB80077596E /* WaterIntervalTests.swift */,
				F19A86A528D33F2F00C9EA4A /* DateIntervalTests.swift */,
				F1748A9228E4824F005C6A8B /* NotificationSettingsTests.swift */,
				F131714228E4946A005E759D /* AppSettingsViewModelTests.swift */,
				F103F4F528E5E297007648A7 /* DateComponentsTests.swift */,
				F1ED5BA828E6F43000C7EA13 /* NotificationTests.swift */,
				F1ED5BAA28E6F72D00C7EA13 /* MockStorageTests.swift */,
			);
			path = PopleyTests;
			sourceTree = "<group>";
		};
		F1D7E48028CB3DBA001159FA /* PopleyUITests */ = {
			isa = PBXGroup;
			children = (
				F1D7E48128CB3DBA001159FA /* PopleyUITests.swift */,
				F1D7E48328CB3DBA001159FA /* PopleyUITestsLaunchTests.swift */,
			);
			path = PopleyUITests;
			sourceTree = "<group>";
		};
		F1D7E49028CB4903001159FA /* Extensions */ = {
			isa = PBXGroup;
			children = (
				F1E21B5B28E5B33C0091D484 /* Test */,
				F1D7E49328CB4974001159FA /* Model */,
				F1D7E49128CB4914001159FA /* CornerRadius.swift */,
			);
			path = Extensions;
			sourceTree = "<group>";
		};
		F1D7E49328CB4974001159FA /* Model */ = {
			isa = PBXGroup;
			children = (
				F1D7E49428CB498D001159FA /* RoundedCorner.swift */,
				F19A86A328D33F1A00C9EA4A /* DateInterval.swift */,
				F1E21B5428E59E1C0091D484 /* DateComponents+Extension.swift */,
				F1E21B5628E59FB20091D484 /* Date.swift */,
				F11A1C8928EC3A360022E326 /* FileManager+Extension.swift */,
			);
			path = Model;
			sourceTree = "<group>";
		};
		F1D7E49628CB4EA4001159FA /* StyleGuide */ = {
			isa = PBXGroup;
			children = (
				F1D7E49728CB4EB2001159FA /* StyleGuide.swift */,
			);
			path = StyleGuide;
			sourceTree = "<group>";
		};
		F1D7E4A128CB811E001159FA /* Model */ = {
			isa = PBXGroup;
			children = (
				F1E21B5E28E5B37B0091D484 /* Mock */,
				F1D7E4A628CB82AE001159FA /* Enums */,
				F1D7E49F28CB8090001159FA /* Plant.swift */,
				F1D7E4A228CB8130001159FA /* DescriptiveDateInterval.swift */,
				F1748A8E28E469B5005C6A8B /* NotificationSettings.swift */,
				F11A1C8728EC39FE0022E326 /* UIImageWrapper.swift */,
			);
			path = Model;
			sourceTree = "<group>";
		};
		F1D7E4A628CB82AE001159FA /* Enums */ = {
			isa = PBXGroup;
			children = (
				F1D7E4A428CB82A6001159FA /* Interval.swift */,
				F1BFABEA28DB61CD00440419 /* ImageSourcePicker.swift */,
				F1BFABEC28DB6AD200440419 /* Page.swift */,
			);
			path = Enums;
			sourceTree = "<group>";
		};
		F1E21B5828E5B2970091D484 /* Protocol */ = {
			isa = PBXGroup;
			children = (
				F1E21B5928E5B2C20091D484 /* KeyValueStorable.swift */,
				F1ED5BAD28E6FF2F00C7EA13 /* NotificationManaging.swift */,
			);
			path = Protocol;
			sourceTree = "<group>";
		};
		F1E21B5B28E5B33C0091D484 /* Test */ = {
			isa = PBXGroup;
			children = (
				F1E21B5C28E5B3540091D484 /* UserDefaults+Extension.swift */,
				F1ED5BAF28E6FFA400C7EA13 /* UNUserNotificationCenter+Extension.swift */,
			);
			path = Test;
			sourceTree = "<group>";
		};
		F1E21B5E28E5B37B0091D484 /* Mock */ = {
			isa = PBXGroup;
			children = (
				F1E21B5F28E5B38A0091D484 /* MockStorage.swift */,
				F1ED5BB128E700C900C7EA13 /* MockNotificationCenter.swift */,
			);
			path = Mock;
			sourceTree = "<group>";
		};
/* End PBXGroup section */

/* Begin PBXNativeTarget section */
		F1D7E46228CB3DB9001159FA /* Popley */ = {
			isa = PBXNativeTarget;
			buildConfigurationList = F1D7E48728CB3DBA001159FA /* Build configuration list for PBXNativeTarget "Popley" */;
			buildPhases = (
				F1D7E45F28CB3DB9001159FA /* Sources */,
				F1D7E46028CB3DB9001159FA /* Frameworks */,
				F1D7E46128CB3DB9001159FA /* Resources */,
			);
			buildRules = (
			);
			dependencies = (
			);
			name = Popley;
			packageProductDependencies = (
				F1D7E49A28CB64B9001159FA /* Algorithms */,
				F1C9451E28D21FE40005345B /* Datez */,
			);
			productName = Popley;
			productReference = F1D7E46328CB3DB9001159FA /* Popley.app */;
			productType = "com.apple.product-type.application";
		};
		F1D7E47228CB3DBA001159FA /* PopleyTests */ = {
			isa = PBXNativeTarget;
			buildConfigurationList = F1D7E48A28CB3DBA001159FA /* Build configuration list for PBXNativeTarget "PopleyTests" */;
			buildPhases = (
				F1D7E46F28CB3DBA001159FA /* Sources */,
				F1D7E47028CB3DBA001159FA /* Frameworks */,
				F1D7E47128CB3DBA001159FA /* Resources */,
			);
			buildRules = (
			);
			dependencies = (
				F1D7E47528CB3DBA001159FA /* PBXTargetDependency */,
			);
			name = PopleyTests;
			productName = PopleyTests;
			productReference = F1D7E47328CB3DBA001159FA /* PopleyTests.xctest */;
			productType = "com.apple.product-type.bundle.unit-test";
		};
		F1D7E47C28CB3DBA001159FA /* PopleyUITests */ = {
			isa = PBXNativeTarget;
			buildConfigurationList = F1D7E48D28CB3DBA001159FA /* Build configuration list for PBXNativeTarget "PopleyUITests" */;
			buildPhases = (
				F1D7E47928CB3DBA001159FA /* Sources */,
				F1D7E47A28CB3DBA001159FA /* Frameworks */,
				F1D7E47B28CB3DBA001159FA /* Resources */,
			);
			buildRules = (
			);
			dependencies = (
				F1D7E47F28CB3DBA001159FA /* PBXTargetDependency */,
			);
			name = PopleyUITests;
			productName = PopleyUITests;
			productReference = F1D7E47D28CB3DBA001159FA /* PopleyUITests.xctest */;
			productType = "com.apple.product-type.bundle.ui-testing";
		};
/* End PBXNativeTarget section */

/* Begin PBXProject section */
		F1D7E45B28CB3DB9001159FA /* Project object */ = {
			isa = PBXProject;
			attributes = {
				BuildIndependentTargetsInParallel = 1;
				LastSwiftUpdateCheck = 1400;
				LastUpgradeCheck = 1400;
				TargetAttributes = {
					F1D7E46228CB3DB9001159FA = {
						CreatedOnToolsVersion = 14.0;
					};
					F1D7E47228CB3DBA001159FA = {
						CreatedOnToolsVersion = 14.0;
						TestTargetID = F1D7E46228CB3DB9001159FA;
					};
					F1D7E47C28CB3DBA001159FA = {
						CreatedOnToolsVersion = 14.0;
						TestTargetID = F1D7E46228CB3DB9001159FA;
					};
				};
			};
			buildConfigurationList = F1D7E45E28CB3DB9001159FA /* Build configuration list for PBXProject "Popley" */;
			compatibilityVersion = "Xcode 14.0";
			developmentRegion = en;
			hasScannedForEncodings = 0;
			knownRegions = (
				en,
				Base,
			);
			mainGroup = F1D7E45A28CB3DB9001159FA;
			packageReferences = (
				F1D7E49928CB64B9001159FA /* XCRemoteSwiftPackageReference "swift-algorithms" */,
				F1C9451D28D21FE40005345B /* XCRemoteSwiftPackageReference "Datez" */,
			);
			productRefGroup = F1D7E46428CB3DB9001159FA /* Products */;
			projectDirPath = "";
			projectRoot = "";
			targets = (
				F1D7E46228CB3DB9001159FA /* Popley */,
				F1D7E47228CB3DBA001159FA /* PopleyTests */,
				F1D7E47C28CB3DBA001159FA /* PopleyUITests */,
			);
		};
/* End PBXProject section */

/* Begin PBXResourcesBuildPhase section */
		F1D7E46128CB3DB9001159FA /* Resources */ = {
			isa = PBXResourcesBuildPhase;
			buildActionMask = 2147483647;
			files = (
				F1D7E46E28CB3DBA001159FA /* Preview Assets.xcassets in Resources */,
				F1D7E46B28CB3DBA001159FA /* Assets.xcassets in Resources */,
			);
			runOnlyForDeploymentPostprocessing = 0;
		};
		F1D7E47128CB3DBA001159FA /* Resources */ = {
			isa = PBXResourcesBuildPhase;
			buildActionMask = 2147483647;
			files = (
			);
			runOnlyForDeploymentPostprocessing = 0;
		};
		F1D7E47B28CB3DBA001159FA /* Resources */ = {
			isa = PBXResourcesBuildPhase;
			buildActionMask = 2147483647;
			files = (
			);
			runOnlyForDeploymentPostprocessing = 0;
		};
/* End PBXResourcesBuildPhase section */

/* Begin PBXSourcesBuildPhase section */
		F1D7E45F28CB3DB9001159FA /* Sources */ = {
			isa = PBXSourcesBuildPhase;
			buildActionMask = 2147483647;
			files = (
				F1BE15E828DC631300D94727 /* ButtonLabel.swift in Sources */,
				F1BFABE328DB5A8D00440419 /* ImagePicker.swift in Sources */,
				F1D7E49528CB498D001159FA /* RoundedCorner.swift in Sources */,
				F1E21B5528E59E1C0091D484 /* DateComponents+Extension.swift in Sources */,
				F1D7E46928CB3DB9001159FA /* ContentView.swift in Sources */,
				F1D7E46728CB3DB9001159FA /* PopleyApp.swift in Sources */,
				F1748A8F28E469B5005C6A8B /* NotificationSettings.swift in Sources */,
				F1434C0928DDDA22001163DB /* AddPlantSummaryView.swift in Sources */,
				F1ED5BAE28E6FF2F00C7EA13 /* NotificationManaging.swift in Sources */,
				F11A1C8A28EC3A360022E326 /* FileManager+Extension.swift in Sources */,
				F11A1C8D28EC3AC90022E326 /* MyImageError.swift in Sources */,
				F1748A9528E48635005C6A8B /* AppSettingsViewModel.swift in Sources */,
				F10D43D328D63778005C3D81 /* Model.swift in Sources */,
				F1A81E4228E1EFAA000DCDC7 /* WaterIntervalLabel.swift in Sources */,
				F1434C0528DDD853001163DB /* AddPlantPictureView.swift in Sources */,
				F11A1C8828EC39FE0022E326 /* UIImageWrapper.swift in Sources */,
				F1BFABED28DB6AD200440419 /* Page.swift in Sources */,
				F1BFABEB28DB61CD00440419 /* ImageSourcePicker.swift in Sources */,
				F1E21B6028E5B38A0091D484 /* MockStorage.swift in Sources */,
				F1748A9128E47425005C6A8B /* AppSettingsView.swift in Sources */,
				F1D7E49828CB4EB2001159FA /* StyleGuide.swift in Sources */,
				F1E21B5A28E5B2C20091D484 /* KeyValueStorable.swift in Sources */,
				F1434C0728DDD91F001163DB /* AddPlantNameView.swift in Sources */,
				F1ED5BB028E6FFA400C7EA13 /* UNUserNotificationCenter+Extension.swift in Sources */,
				F1272E0D28CF53A7009E0274 /* PlantDetails.swift in Sources */,
				F183BAF828EB135100CA272A /* WaterIntervalPickerViewModel.swift in Sources */,
				F1D7E4A028CB8090001159FA /* Plant.swift in Sources */,
				F1D7E4A528CB82A6001159FA /* Interval.swift in Sources */,
				F19A86A428D33F1A00C9EA4A /* DateInterval.swift in Sources */,
				F1D7E49E28CB7E64001159FA /* PlantRow.swift in Sources */,
				F1ED5BB228E700C900C7EA13 /* MockNotificationCenter.swift in Sources */,
				F1E21B5728E59FB20091D484 /* Date.swift in Sources */,
				F1D7E49228CB4914001159FA /* CornerRadius.swift in Sources */,
				F1ED5BB428E7471000C7EA13 /* ConditionalModifier.swift in Sources */,
				F1434C0E28DE0195001163DB /* AddPlantWaterIntervalView.swift in Sources */,
				F1434C0C28DDEA2B001163DB /* WaterIntervalPickerView.swift in Sources */,
				F1E21B5D28E5B3540091D484 /* UserDefaults+Extension.swift in Sources */,
				F1D7E4A328CB8130001159FA /* DescriptiveDateInterval.swift in Sources */,
			);
			runOnlyForDeploymentPostprocessing = 0;
		};
		F1D7E46F28CB3DBA001159FA /* Sources */ = {
			isa = PBXSourcesBuildPhase;
			buildActionMask = 2147483647;
			files = (
				F1C9451C28D212B30005345B /* PlantTests.swift in Sources */,
				F1ED5BA928E6F43000C7EA13 /* NotificationTests.swift in Sources */,
				F1748A9328E4824F005C6A8B /* NotificationSettingsTests.swift in Sources */,
				F19A86A628D33F2F00C9EA4A /* DateIntervalTests.swift in Sources */,
				F103F4F628E5E297007648A7 /* DateComponentsTests.swift in Sources */,
				F1ED5BAB28E6F72D00C7EA13 /* MockStorageTests.swift in Sources */,
				F1D7E4A828CB8D47001159FA /* TypeDescriptionTests.swift in Sources */,
				F181844328D32DB80077596E /* WaterIntervalTests.swift in Sources */,
				F1D7E47828CB3DBA001159FA /* PopleyTests.swift in Sources */,
				F131714328E4946A005E759D /* AppSettingsViewModelTests.swift in Sources */,
			);
			runOnlyForDeploymentPostprocessing = 0;
		};
		F1D7E47928CB3DBA001159FA /* Sources */ = {
			isa = PBXSourcesBuildPhase;
			buildActionMask = 2147483647;
			files = (
				F1D7E48228CB3DBA001159FA /* PopleyUITests.swift in Sources */,
				F1D7E48428CB3DBA001159FA /* PopleyUITestsLaunchTests.swift in Sources */,
			);
			runOnlyForDeploymentPostprocessing = 0;
		};
/* End PBXSourcesBuildPhase section */

/* Begin PBXTargetDependency section */
		F1D7E47528CB3DBA001159FA /* PBXTargetDependency */ = {
			isa = PBXTargetDependency;
			target = F1D7E46228CB3DB9001159FA /* Popley */;
			targetProxy = F1D7E47428CB3DBA001159FA /* PBXContainerItemProxy */;
		};
		F1D7E47F28CB3DBA001159FA /* PBXTargetDependency */ = {
			isa = PBXTargetDependency;
			target = F1D7E46228CB3DB9001159FA /* Popley */;
			targetProxy = F1D7E47E28CB3DBA001159FA /* PBXContainerItemProxy */;
		};
/* End PBXTargetDependency section */

/* Begin XCBuildConfiguration section */
		F1D7E48528CB3DBA001159FA /* Debug */ = {
			isa = XCBuildConfiguration;
			buildSettings = {
				ALWAYS_SEARCH_USER_PATHS = NO;
				CLANG_ANALYZER_NONNULL = YES;
				CLANG_ANALYZER_NUMBER_OBJECT_CONVERSION = YES_AGGRESSIVE;
				CLANG_CXX_LANGUAGE_STANDARD = "gnu++20";
				CLANG_ENABLE_MODULES = YES;
				CLANG_ENABLE_OBJC_ARC = YES;
				CLANG_ENABLE_OBJC_WEAK = YES;
				CLANG_WARN_BLOCK_CAPTURE_AUTORELEASING = YES;
				CLANG_WARN_BOOL_CONVERSION = YES;
				CLANG_WARN_COMMA = YES;
				CLANG_WARN_CONSTANT_CONVERSION = YES;
				CLANG_WARN_DEPRECATED_OBJC_IMPLEMENTATIONS = YES;
				CLANG_WARN_DIRECT_OBJC_ISA_USAGE = YES_ERROR;
				CLANG_WARN_DOCUMENTATION_COMMENTS = YES;
				CLANG_WARN_EMPTY_BODY = YES;
				CLANG_WARN_ENUM_CONVERSION = YES;
				CLANG_WARN_INFINITE_RECURSION = YES;
				CLANG_WARN_INT_CONVERSION = YES;
				CLANG_WARN_NON_LITERAL_NULL_CONVERSION = YES;
				CLANG_WARN_OBJC_IMPLICIT_RETAIN_SELF = YES;
				CLANG_WARN_OBJC_LITERAL_CONVERSION = YES;
				CLANG_WARN_OBJC_ROOT_CLASS = YES_ERROR;
				CLANG_WARN_QUOTED_INCLUDE_IN_FRAMEWORK_HEADER = YES;
				CLANG_WARN_RANGE_LOOP_ANALYSIS = YES;
				CLANG_WARN_STRICT_PROTOTYPES = YES;
				CLANG_WARN_SUSPICIOUS_MOVE = YES;
				CLANG_WARN_UNGUARDED_AVAILABILITY = YES_AGGRESSIVE;
				CLANG_WARN_UNREACHABLE_CODE = YES;
				CLANG_WARN__DUPLICATE_METHOD_MATCH = YES;
				COPY_PHASE_STRIP = NO;
				DEBUG_INFORMATION_FORMAT = dwarf;
				ENABLE_STRICT_OBJC_MSGSEND = YES;
				ENABLE_TESTABILITY = YES;
				GCC_C_LANGUAGE_STANDARD = gnu11;
				GCC_DYNAMIC_NO_PIC = NO;
				GCC_NO_COMMON_BLOCKS = YES;
				GCC_OPTIMIZATION_LEVEL = 0;
				GCC_PREPROCESSOR_DEFINITIONS = (
					"DEBUG=1",
					"$(inherited)",
				);
				GCC_WARN_64_TO_32_BIT_CONVERSION = YES;
				GCC_WARN_ABOUT_RETURN_TYPE = YES_ERROR;
				GCC_WARN_UNDECLARED_SELECTOR = YES;
				GCC_WARN_UNINITIALIZED_AUTOS = YES_AGGRESSIVE;
				GCC_WARN_UNUSED_FUNCTION = YES;
				GCC_WARN_UNUSED_VARIABLE = YES;
				IPHONEOS_DEPLOYMENT_TARGET = 16.0;
				MTL_ENABLE_DEBUG_INFO = INCLUDE_SOURCE;
				MTL_FAST_MATH = YES;
				ONLY_ACTIVE_ARCH = YES;
				SDKROOT = iphoneos;
				SWIFT_ACTIVE_COMPILATION_CONDITIONS = DEBUG;
				SWIFT_OPTIMIZATION_LEVEL = "-Onone";
			};
			name = Debug;
		};
		F1D7E48628CB3DBA001159FA /* Release */ = {
			isa = XCBuildConfiguration;
			buildSettings = {
				ALWAYS_SEARCH_USER_PATHS = NO;
				CLANG_ANALYZER_NONNULL = YES;
				CLANG_ANALYZER_NUMBER_OBJECT_CONVERSION = YES_AGGRESSIVE;
				CLANG_CXX_LANGUAGE_STANDARD = "gnu++20";
				CLANG_ENABLE_MODULES = YES;
				CLANG_ENABLE_OBJC_ARC = YES;
				CLANG_ENABLE_OBJC_WEAK = YES;
				CLANG_WARN_BLOCK_CAPTURE_AUTORELEASING = YES;
				CLANG_WARN_BOOL_CONVERSION = YES;
				CLANG_WARN_COMMA = YES;
				CLANG_WARN_CONSTANT_CONVERSION = YES;
				CLANG_WARN_DEPRECATED_OBJC_IMPLEMENTATIONS = YES;
				CLANG_WARN_DIRECT_OBJC_ISA_USAGE = YES_ERROR;
				CLANG_WARN_DOCUMENTATION_COMMENTS = YES;
				CLANG_WARN_EMPTY_BODY = YES;
				CLANG_WARN_ENUM_CONVERSION = YES;
				CLANG_WARN_INFINITE_RECURSION = YES;
				CLANG_WARN_INT_CONVERSION = YES;
				CLANG_WARN_NON_LITERAL_NULL_CONVERSION = YES;
				CLANG_WARN_OBJC_IMPLICIT_RETAIN_SELF = YES;
				CLANG_WARN_OBJC_LITERAL_CONVERSION = YES;
				CLANG_WARN_OBJC_ROOT_CLASS = YES_ERROR;
				CLANG_WARN_QUOTED_INCLUDE_IN_FRAMEWORK_HEADER = YES;
				CLANG_WARN_RANGE_LOOP_ANALYSIS = YES;
				CLANG_WARN_STRICT_PROTOTYPES = YES;
				CLANG_WARN_SUSPICIOUS_MOVE = YES;
				CLANG_WARN_UNGUARDED_AVAILABILITY = YES_AGGRESSIVE;
				CLANG_WARN_UNREACHABLE_CODE = YES;
				CLANG_WARN__DUPLICATE_METHOD_MATCH = YES;
				COPY_PHASE_STRIP = NO;
				DEBUG_INFORMATION_FORMAT = "dwarf-with-dsym";
				ENABLE_NS_ASSERTIONS = NO;
				ENABLE_STRICT_OBJC_MSGSEND = YES;
				GCC_C_LANGUAGE_STANDARD = gnu11;
				GCC_NO_COMMON_BLOCKS = YES;
				GCC_WARN_64_TO_32_BIT_CONVERSION = YES;
				GCC_WARN_ABOUT_RETURN_TYPE = YES_ERROR;
				GCC_WARN_UNDECLARED_SELECTOR = YES;
				GCC_WARN_UNINITIALIZED_AUTOS = YES_AGGRESSIVE;
				GCC_WARN_UNUSED_FUNCTION = YES;
				GCC_WARN_UNUSED_VARIABLE = YES;
				IPHONEOS_DEPLOYMENT_TARGET = 16.0;
				MTL_ENABLE_DEBUG_INFO = NO;
				MTL_FAST_MATH = YES;
				SDKROOT = iphoneos;
				SWIFT_COMPILATION_MODE = wholemodule;
				SWIFT_OPTIMIZATION_LEVEL = "-O";
				VALIDATE_PRODUCT = YES;
			};
			name = Release;
		};
		F1D7E48828CB3DBA001159FA /* Debug */ = {
			isa = XCBuildConfiguration;
			buildSettings = {
				ASSETCATALOG_COMPILER_APPICON_NAME = AppIcon;
				ASSETCATALOG_COMPILER_GLOBAL_ACCENT_COLOR_NAME = AccentColor;
				CODE_SIGN_STYLE = Automatic;
				CURRENT_PROJECT_VERSION = 1;
				DEVELOPMENT_ASSET_PATHS = "\"Popley/Preview Content\"";
				DEVELOPMENT_TEAM = 286KVJJ644;
				ENABLE_PREVIEWS = YES;
				GENERATE_INFOPLIST_FILE = YES;
				INFOPLIST_KEY_NSCameraUsageDescription = "Popley needs to use your camera in order to take pictures of your plants.";
				INFOPLIST_KEY_UIApplicationSceneManifest_Generation = YES;
				INFOPLIST_KEY_UIApplicationSupportsIndirectInputEvents = YES;
				INFOPLIST_KEY_UILaunchScreen_Generation = YES;
				INFOPLIST_KEY_UISupportedInterfaceOrientations_iPad = "UIInterfaceOrientationPortrait UIInterfaceOrientationPortraitUpsideDown UIInterfaceOrientationLandscapeLeft UIInterfaceOrientationLandscapeRight";
				INFOPLIST_KEY_UISupportedInterfaceOrientations_iPhone = "UIInterfaceOrientationPortrait UIInterfaceOrientationLandscapeLeft UIInterfaceOrientationLandscapeRight";
				LD_RUNPATH_SEARCH_PATHS = (
					"$(inherited)",
					"@executable_path/Frameworks",
				);
				MARKETING_VERSION = 1.0;
				PRODUCT_BUNDLE_IDENTIFIER = jordan.na.dzielni.Popley;
				PRODUCT_NAME = "$(TARGET_NAME)";
				SWIFT_EMIT_LOC_STRINGS = YES;
				SWIFT_VERSION = 5.0;
				TARGETED_DEVICE_FAMILY = "1,2";
			};
			name = Debug;
		};
		F1D7E48928CB3DBA001159FA /* Release */ = {
			isa = XCBuildConfiguration;
			buildSettings = {
				ASSETCATALOG_COMPILER_APPICON_NAME = AppIcon;
				ASSETCATALOG_COMPILER_GLOBAL_ACCENT_COLOR_NAME = AccentColor;
				CODE_SIGN_STYLE = Automatic;
				CURRENT_PROJECT_VERSION = 1;
				DEVELOPMENT_ASSET_PATHS = "\"Popley/Preview Content\"";
				DEVELOPMENT_TEAM = 286KVJJ644;
				ENABLE_PREVIEWS = YES;
				GENERATE_INFOPLIST_FILE = YES;
				INFOPLIST_KEY_NSCameraUsageDescription = "Popley needs to use your camera in order to take pictures of your plants.";
				INFOPLIST_KEY_UIApplicationSceneManifest_Generation = YES;
				INFOPLIST_KEY_UIApplicationSupportsIndirectInputEvents = YES;
				INFOPLIST_KEY_UILaunchScreen_Generation = YES;
				INFOPLIST_KEY_UISupportedInterfaceOrientations_iPad = "UIInterfaceOrientationPortrait UIInterfaceOrientationPortraitUpsideDown UIInterfaceOrientationLandscapeLeft UIInterfaceOrientationLandscapeRight";
				INFOPLIST_KEY_UISupportedInterfaceOrientations_iPhone = "UIInterfaceOrientationPortrait UIInterfaceOrientationLandscapeLeft UIInterfaceOrientationLandscapeRight";
				LD_RUNPATH_SEARCH_PATHS = (
					"$(inherited)",
					"@executable_path/Frameworks",
				);
				MARKETING_VERSION = 1.0;
				PRODUCT_BUNDLE_IDENTIFIER = jordan.na.dzielni.Popley;
				PRODUCT_NAME = "$(TARGET_NAME)";
				SWIFT_EMIT_LOC_STRINGS = YES;
				SWIFT_VERSION = 5.0;
				TARGETED_DEVICE_FAMILY = "1,2";
			};
			name = Release;
		};
		F1D7E48B28CB3DBA001159FA /* Debug */ = {
			isa = XCBuildConfiguration;
			buildSettings = {
				ALWAYS_EMBED_SWIFT_STANDARD_LIBRARIES = YES;
				BUNDLE_LOADER = "$(TEST_HOST)";
				CODE_SIGN_STYLE = Automatic;
				CURRENT_PROJECT_VERSION = 1;
				DEVELOPMENT_TEAM = 286KVJJ644;
				GENERATE_INFOPLIST_FILE = YES;
				IPHONEOS_DEPLOYMENT_TARGET = 16.0;
				MARKETING_VERSION = 1.0;
				PRODUCT_BUNDLE_IDENTIFIER = jordan.na.dzielni.PopleyTests;
				PRODUCT_NAME = "$(TARGET_NAME)";
				SWIFT_EMIT_LOC_STRINGS = NO;
				SWIFT_VERSION = 5.0;
				TARGETED_DEVICE_FAMILY = "1,2";
				TEST_HOST = "$(BUILT_PRODUCTS_DIR)/Popley.app/$(BUNDLE_EXECUTABLE_FOLDER_PATH)/Popley";
			};
			name = Debug;
		};
		F1D7E48C28CB3DBA001159FA /* Release */ = {
			isa = XCBuildConfiguration;
			buildSettings = {
				ALWAYS_EMBED_SWIFT_STANDARD_LIBRARIES = YES;
				BUNDLE_LOADER = "$(TEST_HOST)";
				CODE_SIGN_STYLE = Automatic;
				CURRENT_PROJECT_VERSION = 1;
				DEVELOPMENT_TEAM = 286KVJJ644;
				GENERATE_INFOPLIST_FILE = YES;
				IPHONEOS_DEPLOYMENT_TARGET = 16.0;
				MARKETING_VERSION = 1.0;
				PRODUCT_BUNDLE_IDENTIFIER = jordan.na.dzielni.PopleyTests;
				PRODUCT_NAME = "$(TARGET_NAME)";
				SWIFT_EMIT_LOC_STRINGS = NO;
				SWIFT_VERSION = 5.0;
				TARGETED_DEVICE_FAMILY = "1,2";
				TEST_HOST = "$(BUILT_PRODUCTS_DIR)/Popley.app/$(BUNDLE_EXECUTABLE_FOLDER_PATH)/Popley";
			};
			name = Release;
		};
		F1D7E48E28CB3DBA001159FA /* Debug */ = {
			isa = XCBuildConfiguration;
			buildSettings = {
				ALWAYS_EMBED_SWIFT_STANDARD_LIBRARIES = YES;
				CODE_SIGN_STYLE = Automatic;
				CURRENT_PROJECT_VERSION = 1;
				DEVELOPMENT_TEAM = 286KVJJ644;
				GENERATE_INFOPLIST_FILE = YES;
				INFOPLIST_KEY_NSCameraUsageDescription = "Popley needs to use the device's camera to take photos of your plants.";
				MARKETING_VERSION = 1.0;
				PRODUCT_BUNDLE_IDENTIFIER = jordan.na.dzielni.PopleyUITests;
				PRODUCT_NAME = "$(TARGET_NAME)";
				PROVISIONING_PROFILE = "";
				SWIFT_EMIT_LOC_STRINGS = NO;
				SWIFT_VERSION = 5.0;
				TARGETED_DEVICE_FAMILY = "1,2";
				TEST_TARGET_NAME = Popley;
			};
			name = Debug;
		};
		F1D7E48F28CB3DBA001159FA /* Release */ = {
			isa = XCBuildConfiguration;
			buildSettings = {
				ALWAYS_EMBED_SWIFT_STANDARD_LIBRARIES = YES;
				CODE_SIGN_STYLE = Automatic;
				CURRENT_PROJECT_VERSION = 1;
				DEVELOPMENT_TEAM = 286KVJJ644;
				GENERATE_INFOPLIST_FILE = YES;
				INFOPLIST_KEY_NSCameraUsageDescription = "Popley needs to use the device's camera to take photos of your plants.";
				MARKETING_VERSION = 1.0;
				PRODUCT_BUNDLE_IDENTIFIER = jordan.na.dzielni.PopleyUITests;
				PRODUCT_NAME = "$(TARGET_NAME)";
				PROVISIONING_PROFILE = "";
				SWIFT_EMIT_LOC_STRINGS = NO;
				SWIFT_VERSION = 5.0;
				TARGETED_DEVICE_FAMILY = "1,2";
				TEST_TARGET_NAME = Popley;
			};
			name = Release;
		};
/* End XCBuildConfiguration section */

/* Begin XCConfigurationList section */
		F1D7E45E28CB3DB9001159FA /* Build configuration list for PBXProject "Popley" */ = {
			isa = XCConfigurationList;
			buildConfigurations = (
				F1D7E48528CB3DBA001159FA /* Debug */,
				F1D7E48628CB3DBA001159FA /* Release */,
			);
			defaultConfigurationIsVisible = 0;
			defaultConfigurationName = Release;
		};
		F1D7E48728CB3DBA001159FA /* Build configuration list for PBXNativeTarget "Popley" */ = {
			isa = XCConfigurationList;
			buildConfigurations = (
				F1D7E48828CB3DBA001159FA /* Debug */,
				F1D7E48928CB3DBA001159FA /* Release */,
			);
			defaultConfigurationIsVisible = 0;
			defaultConfigurationName = Release;
		};
		F1D7E48A28CB3DBA001159FA /* Build configuration list for PBXNativeTarget "PopleyTests" */ = {
			isa = XCConfigurationList;
			buildConfigurations = (
				F1D7E48B28CB3DBA001159FA /* Debug */,
				F1D7E48C28CB3DBA001159FA /* Release */,
			);
			defaultConfigurationIsVisible = 0;
			defaultConfigurationName = Release;
		};
		F1D7E48D28CB3DBA001159FA /* Build configuration list for PBXNativeTarget "PopleyUITests" */ = {
			isa = XCConfigurationList;
			buildConfigurations = (
				F1D7E48E28CB3DBA001159FA /* Debug */,
				F1D7E48F28CB3DBA001159FA /* Release */,
			);
			defaultConfigurationIsVisible = 0;
			defaultConfigurationName = Release;
		};
/* End XCConfigurationList section */

/* Begin XCRemoteSwiftPackageReference section */
		F1C9451D28D21FE40005345B /* XCRemoteSwiftPackageReference "Datez" */ = {
			isa = XCRemoteSwiftPackageReference;
			repositoryURL = "https://github.com/SwiftKitz/Datez.git";
			requirement = {
				kind = upToNextMajorVersion;
				minimumVersion = 4.0.0;
			};
		};
		F1D7E49928CB64B9001159FA /* XCRemoteSwiftPackageReference "swift-algorithms" */ = {
			isa = XCRemoteSwiftPackageReference;
			repositoryURL = "https://github.com/apple/swift-algorithms.git";
			requirement = {
				kind = upToNextMajorVersion;
				minimumVersion = 1.0.0;
			};
		};
/* End XCRemoteSwiftPackageReference section */

/* Begin XCSwiftPackageProductDependency section */
		F1C9451E28D21FE40005345B /* Datez */ = {
			isa = XCSwiftPackageProductDependency;
			package = F1C9451D28D21FE40005345B /* XCRemoteSwiftPackageReference "Datez" */;
			productName = Datez;
		};
		F1D7E49A28CB64B9001159FA /* Algorithms */ = {
			isa = XCSwiftPackageProductDependency;
			package = F1D7E49928CB64B9001159FA /* XCRemoteSwiftPackageReference "swift-algorithms" */;
			productName = Algorithms;
		};
/* End XCSwiftPackageProductDependency section */
	};
	rootObject = F1D7E45B28CB3DB9001159FA /* Project object */;
}
